
Microsoft Visual Studio Solution File, Format Version 12.00
# Visual Studio Version 17
VisualStudioVersion = 17.3.32901.215
MinimumVisualStudioVersion = 10.0.40219.1
Project("{FAE04EC0-301F-11D3-BF4B-00C04F79EFBC}") = "Lhx_VoteSys", "Lhx_VoteSys\Lhx_VoteSys.csproj", "{DC3D9FA3-E508-439A-8881-27DA27111AAA}"
EndProject
Global
	GlobalSection(SolutionConfigurationPlatforms) = preSolution
		Debug|Any CPU = Debug|Any CPU
		Release|Any CPU = Release|Any CPU
	EndGlobalSection
	GlobalSection(ProjectConfigurationPlatforms) = postSolution
		{DC3D9FA3-E508-439A-8881-27DA27111AAA}.Debug|Any CPU.ActiveCfg = Debug|Any CPU
		{DC3D9FA3-E508-439A-8881-27DA27111AAA}.Debug|Any CPU.Build.0 = Debug|Any CPU
		{DC3D9FA3-E508-439A-8881-27DA27111AAA}.Release|Any CPU.ActiveCfg = Release|Any CPU
		{DC3D9FA3-E508-439A-8881-27DA27111AAA}.Release|Any CPU.Build.0 = Release|Any CPU
	EndGlobalSection
	GlobalSection(SolutionProperties) = preSolution
		HideSolutionNode = FALSE
	EndGlobalSection
	GlobalSection(ExtensibilityGlobals) = postSolution
		SolutionGuid = {6ACC6CE8-3A9E-4A5C-8360-DE46B81F5ABF}
	EndGlobalSection
EndGlobal
